{
  "name": "nodejs-app",
  "version": "1.0.0",
  "lockfileVersion": 1,
  "requires": true,
  "dependencies": {
    "@azure/msal-common": {
      "version": "5.1.0",
      "resolved": "https://registry.npmjs.org/@azure/msal-common/-/msal-common-5.1.0.tgz",
      "integrity": "sha512-4zHZ5Ec7jAgTIWZO3ap1ozgIPGAirF1wL8UhsmPF9QDoZz0cMHdaNmtov5i2+6Xq37YMzhN5s50EFHBuXd7sDQ==",
      "requires": {
        "debug": "^4.1.1"
      }
    },
    "@azure/msal-node": {
      "version": "1.3.3",
      "resolved": "https://registry.npmjs.org/@azure/msal-node/-/msal-node-1.3.3.tgz",
      "integrity": "sha512-ZtVCVzr7V4xEeqICa7E9g6BY3noZv96XG11ENuqEiz/PA1OzPD1/x0QF6BPHVldST8wwoevXxPw+t/h3AFII7w==",
      "requires": {
        "@azure/msal-common": "^5.1.0",
        "axios": "^0.21.4",
        "jsonwebtoken": "^8.5.1",
        "uuid": "^8.3.0"
      }
    },
    "@microsoft/microsoft-graph-types": {
      "version": "1.41.0",
      "resolved": "https://registry.npmjs.org/@microsoft/microsoft-graph-types/-/microsoft-graph-types-1.41.0.tgz",
      "integrity": "sha512-GNGqnN3k4wo6zlxszBUdrzEXMQMeTRXRO2OP3h63LNbqRrRHUe6WY2EbGwL7gUhap7pOoyziZ+eG5YUvUNdBSA=="
    },
    "@pnp/core": {
      "version": "3.0.0-v3nightly.20211018",
      "resolved": "https://registry.npmjs.org/@pnp/core/-/core-3.0.0-v3nightly.20211018.tgz",
      "integrity": "sha512-BgjQfdS0B+BOovbhmKcxQD40xPKRUejIFeVzyRvlfhSqX4wxu9kitJFZWi9wMiQF6JyzIT92HOZA7jUF1K5DIA==",
      "requires": {
        "lodash.clonedeep": "^4.5.0",
        "tslib": "2.3.1"
      }
    },
    "@pnp/graph": {
      "version": "3.0.0-v3nightly.20211018",
      "resolved": "https://registry.npmjs.org/@pnp/graph/-/graph-3.0.0-v3nightly.20211018.tgz",
      "integrity": "sha512-3EXd4m0Kgdmppk7slN5xZdrzQ9vs/WCljdEZ5oZE9cDMEEIlS1yWiFfntAnZ363s2/sVk3wqPPeDAI2me7x/JA==",
      "requires": {
        "@microsoft/microsoft-graph-types": "^1.32.0",
        "@pnp/core": "3.0.0-v3nightly.20211018",
        "@pnp/queryable": "3.0.0-v3nightly.20211018",
        "tslib": "2.3.1"
      }
    },
    "@pnp/logging": {
      "version": "3.0.0-v3nightly.20211018",
      "resolved": "https://registry.npmjs.org/@pnp/logging/-/logging-3.0.0-v3nightly.20211018.tgz",
      "integrity": "sha512-2WAEVXmYQ1GnWyp3AMB0XhIvr/I0mp8LoXXOVwqBKuUycKrEzxibn7URbSp3+xAkuA08LcEgiYnxsRkUH3qNhg==",
      "requires": {
        "tslib": "2.3.1"
      }
    },
    "@pnp/nodejs": {
      "version": "3.0.0-v3nightly.20211018",
      "resolved": "https://registry.npmjs.org/@pnp/nodejs/-/nodejs-3.0.0-v3nightly.20211018.tgz",
      "integrity": "sha512-fwen+N1tG6wPKD2A2jMywgnzDIoyxQoGNIhf1uxpgxFpPDme75Fsep93NHVpJ+AsSEHUxGDwQOP+aoZS9eMlvw==",
      "requires": {
        "@azure/msal-node": "^1.0.1",
        "@pnp/core": "3.0.0-v3nightly.20211018",
        "@pnp/graph": "3.0.0-v3nightly.20211018",
        "@pnp/logging": "3.0.0-v3nightly.20211018",
        "@pnp/queryable": "3.0.0-v3nightly.20211018",
        "@pnp/sp": "3.0.0-v3nightly.20211018",
        "https-proxy-agent": "^5.0.0",
        "jsonwebtoken": "8.5.1",
        "node-fetch": "2.6.1",
        "tslib": "2.3.1"
      }
    },
    "@pnp/queryable": {
      "version": "3.0.0-v3nightly.20211018",
      "resolved": "https://registry.npmjs.org/@pnp/queryable/-/queryable-3.0.0-v3nightly.20211018.tgz",
      "integrity": "sha512-6u1xMwszmuDDJTJoj0hU1ivakmeyySFWu9UTmw7wIxoR+bpqqGinvjjFEIPzRnXBZBNB9WzIsVGPx3CiY/wGlw==",
      "requires": {
        "@pnp/core": "3.0.0-v3nightly.20211018",
        "tslib": "2.3.1"
      }
    },
    "@pnp/sp": {
      "version": "3.0.0-v3nightly.20211018",
      "resolved": "https://registry.npmjs.org/@pnp/sp/-/sp-3.0.0-v3nightly.20211018.tgz",
      "integrity": "sha512-pczyXPboDgpwG2ic/xnc2SwA8pJK98HfyVLkIfN/VX8na6x2nzxQYwxQ6BkJ9Ny90d2dyrVGc7mdp+VltIB5Mw==",
      "requires": {
        "@pnp/core": "3.0.0-v3nightly.20211018",
        "@pnp/queryable": "3.0.0-v3nightly.20211018",
        "tslib": "2.3.1"
      }
    },
    "agent-base": {
      "version": "6.0.2",
      "resolved": "https://registry.npmjs.org/agent-base/-/agent-base-6.0.2.tgz",
      "integrity": "sha512-RZNwNclF7+MS/8bDg70amg32dyeZGZxiDuQmZxKLAlQjr3jGyLx+4Kkk58UO7D2QdgFIQCovuSuZESne6RG6XQ==",
      "requires": {
        "debug": "4"
      }
    },
    "axios": {
      "version": "0.21.4",
      "resolved": "https://registry.npmjs.org/axios/-/axios-0.21.4.tgz",
      "integrity": "sha512-ut5vewkiu8jjGBdqpM44XxjuCjq9LAKeHVmoVfHVzy8eHgxxq8SbAVQNovDA8mVi05kP0Ea/n/UzcSHcTJQfNg==",
      "requires": {
        "follow-redirects": "^1.14.0"
      }
    },
    "buffer-equal-constant-time": {
      "version": "1.0.1",
      "resolved": "https://registry.npmjs.org/buffer-equal-constant-time/-/buffer-equal-constant-time-1.0.1.tgz",
      "integrity": "sha1-+OcRMvf/5uAaXJaXpMbz5I1cyBk="
    },
    "debug": {
      "version": "4.3.2",
      "resolved": "https://registry.npmjs.org/debug/-/debug-4.3.2.tgz",
      "integrity": "sha512-mOp8wKcvj7XxC78zLgw/ZA+6TSgkoE2C/ienthhRD298T7UNwAg9diBpLRxC0mOezLl4B0xV7M0cCO6P/O0Xhw==",
      "requires": {
        "ms": "2.1.2"
      }
    },
    "ecdsa-sig-formatter": {
      "version": "1.0.11",
      "resolved": "https://registry.npmjs.org/ecdsa-sig-formatter/-/ecdsa-sig-formatter-1.0.11.tgz",
      "integrity": "sha512-nagl3RYrbNv6kQkeJIpt6NJZy8twLB/2vtz6yN9Z4vRKHN4/QZJIEbqohALSgwKdnksuY3k5Addp5lg8sVoVcQ==",
      "requires": {
        "safe-buffer": "^5.0.1"
      }
    },
    "follow-redirects": {
      "version": "1.14.5",
      "resolved": "https://registry.npmjs.org/follow-redirects/-/follow-redirects-1.14.5.tgz",
      "integrity": "sha512-wtphSXy7d4/OR+MvIFbCVBDzZ5520qV8XfPklSN5QtxuMUJZ+b0Wnst1e1lCDocfzuCkHqj8k0FpZqO+UIaKNA=="
    },
    "https-proxy-agent": {
      "version": "5.0.0",
      "resolved": "https://registry.npmjs.org/https-proxy-agent/-/https-proxy-agent-5.0.0.tgz",
      "integrity": "sha512-EkYm5BcKUGiduxzSt3Eppko+PiNWNEpa4ySk9vTC6wDsQJW9rHSa+UhGNJoRYp7bz6Ht1eaRIa6QaJqO5rCFbA==",
      "requires": {
        "agent-base": "6",
        "debug": "4"
      }
    },
    "jsonwebtoken": {
      "version": "8.5.1",
      "resolved": "https://registry.npmjs.org/jsonwebtoken/-/jsonwebtoken-8.5.1.tgz",
      "integrity": "sha512-XjwVfRS6jTMsqYs0EsuJ4LGxXV14zQybNd4L2r0UvbVnSF9Af8x7p5MzbJ90Ioz/9TI41/hTCvznF/loiSzn8w==",
      "requires": {
        "jws": "^3.2.2",
        "lodash.includes": "^4.3.0",
        "lodash.isboolean": "^3.0.3",
        "lodash.isinteger": "^4.0.4",
        "lodash.isnumber": "^3.0.3",
        "lodash.isplainobject": "^4.0.6",
        "lodash.isstring": "^4.0.1",
        "lodash.once": "^4.0.0",
        "ms": "^2.1.1",
        "semver": "^5.6.0"
      }
    },
    "jwa": {
      "version": "1.4.1",
      "resolved": "https://registry.npmjs.org/jwa/-/jwa-1.4.1.tgz",
      "integrity": "sha512-qiLX/xhEEFKUAJ6FiBMbes3w9ATzyk5W7Hvzpa/SLYdxNtng+gcurvrI7TbACjIXlsJyr05/S1oUhZrc63evQA==",
      "requires": {
        "buffer-equal-constant-time": "1.0.1",
        "ecdsa-sig-formatter": "1.0.11",
        "safe-buffer": "^5.0.1"
      }
    },
    "jws": {
      "version": "3.2.2",
      "resolved": "https://registry.npmjs.org/jws/-/jws-3.2.2.tgz",
      "integrity": "sha512-YHlZCB6lMTllWDtSPHz/ZXTsi8S00usEV6v1tjq8tOUZzw7DpSDWVXjXDre6ed1w/pd495ODpHZYSdkRTsa0HA==",
      "requires": {
        "jwa": "^1.4.1",
        "safe-buffer": "^5.0.1"
      }
    },
    "lodash.clonedeep": {
      "version": "4.5.0",
      "resolved": "https://registry.npmjs.org/lodash.clonedeep/-/lodash.clonedeep-4.5.0.tgz",
      "integrity": "sha1-4j8/nE+Pvd6HJSnBBxhXoIblzO8="
    },
    "lodash.includes": {
      "version": "4.3.0",
      "resolved": "https://registry.npmjs.org/lodash.includes/-/lodash.includes-4.3.0.tgz",
      "integrity": "sha1-YLuYqHy5I8aMoeUTJUgzFISfVT8="
    },
    "lodash.isboolean": {
      "version": "3.0.3",
      "resolved": "https://registry.npmjs.org/lodash.isboolean/-/lodash.isboolean-3.0.3.tgz",
      "integrity": "sha1-bC4XHbKiV82WgC/UOwGyDV9YcPY="
    },
    "lodash.isinteger": {
      "version": "4.0.4",
      "resolved": "https://registry.npmjs.org/lodash.isinteger/-/lodash.isinteger-4.0.4.tgz",
      "integrity": "sha1-YZwK89A/iwTDH1iChAt3sRzWg0M="
    },
    "lodash.isnumber": {
      "version": "3.0.3",
      "resolved": "https://registry.npmjs.org/lodash.isnumber/-/lodash.isnumber-3.0.3.tgz",
      "integrity": "sha1-POdoEMWSjQM1IwGsKHMX8RwLH/w="
    },
    "lodash.isplainobject": {
      "version": "4.0.6",
      "resolved": "https://registry.npmjs.org/lodash.isplainobject/-/lodash.isplainobject-4.0.6.tgz",
      "integrity": "sha1-fFJqUtibRcRcxpC4gWO+BJf1UMs="
    },
    "lodash.isstring": {
      "version": "4.0.1",
      "resolved": "https://registry.npmjs.org/lodash.isstring/-/lodash.isstring-4.0.1.tgz",
      "integrity": "sha1-1SfftUVuynzJu5XV2ur4i6VKVFE="
    },
    "lodash.once": {
      "version": "4.1.1",
      "resolved": "https://registry.npmjs.org/lodash.once/-/lodash.once-4.1.1.tgz",
      "integrity": "sha1-DdOXEhPHxW34gJd9UEyI+0cal6w="
    },
    "ms": {
      "version": "2.1.2",
      "resolved": "https://registry.npmjs.org/ms/-/ms-2.1.2.tgz",
      "integrity": "sha512-sGkPx+VjMtmA6MX27oA4FBFELFCZZ4S4XqeGOXCv68tT+jb3vk/RyaKWP0PTKyWtmLSM0b+adUTEvbs1PEaH2w=="
    },
    "node-fetch": {
      "version": "2.6.1",
      "resolved": "https://registry.npmjs.org/node-fetch/-/node-fetch-2.6.1.tgz",
      "integrity": "sha512-V4aYg89jEoVRxRb2fJdAg8FHvI7cEyYdVAh94HH0UIK8oJxUfkjlDQN9RbMx+bEjP7+ggMiFRprSti032Oipxw=="
    },
    "safe-buffer": {
      "version": "5.2.1",
      "resolved": "https://registry.npmjs.org/safe-buffer/-/safe-buffer-5.2.1.tgz",
      "integrity": "sha512-rp3So07KcdmmKbGvgaNxQSJr7bGVSVk5S9Eq1F+ppbRo70+YeaDxkw5Dd8NPN+GD6bjnYm2VuPuCXmpuYvmCXQ=="
    },
    "semver": {
      "version": "5.7.1",
      "resolved": "https://registry.npmjs.org/semver/-/semver-5.7.1.tgz",
      "integrity": "sha512-sauaDf/PZdVgrLTNYHRtpXa1iRiKcaebiKQ1BJdpQlWH2lCvexQdX55snPFyK7QzpudqbCI0qXFfOasHdyNDGQ=="
    },
    "tslib": {
      "version": "2.1.0",
      "resolved": "https://registry.npmjs.org/tslib/-/tslib-2.1.0.tgz",
      "integrity": "sha512-hcVC3wYEziELGGmEEXue7D75zbwIIVUMWAVbHItGPx0ziyXxrOMQx4rQEVEV45Ut/1IotuEvwqPopzIOkDMf0A=="
    },
    "typescript": {
      "version": "4.5.2",
      "resolved": "https://registry.npmjs.org/typescript/-/typescript-4.5.2.tgz",
      "integrity": "sha512-5BlMof9H1yGt0P8/WF+wPNw6GfctgGjXp5hkblpyT+8rkASSmkUKMXrxR0Xg8ThVCi/JnHQiKXeBaEwCeQwMFw==",
      "dev": true
    },
    "uuid": {
      "version": "8.3.2",
      "resolved": "https://registry.npmjs.org/uuid/-/uuid-8.3.2.tgz",
      "integrity": "sha512-+NYs2QeMWy+GWFOEm9xnn6HCDp0l7QBD7ml8zLUmJ+93Q5NF0NocErnwkTkXVFNiX3/fpC6afS8Dhb/gz7R7eg=="
    }
  }
}
