{
  "name": "@pnp/sp-addinhelpers",
  "version": "0.0.0-PLACEHOLDER",
  "lockfileVersion": 1,
  "requires": true,
  "dependencies": {
    "@types/microsoft-ajax": {
      "version": "0.0.33",
      "resolved": "https://registry.npmjs.org/@types/microsoft-ajax/-/microsoft-ajax-0.0.33.tgz",
      "integrity": "sha512-R31YIw2FUZsx62yzH1LX9+SV0xCxRn+r6FpYhaEKHAms+3zozMYZZvsJO+I3za+wlE/z03PrePGgCO1rxv7dUg=="
    },
    "@types/sharepoint": {
      "version": "2013.1.9",
      "resolved": "https://registry.npmjs.org/@types/sharepoint/-/sharepoint-2013.1.9.tgz",
      "integrity": "sha512-OP3D/vKnOnZcRwTu2jdt7gp8AGDKx3jFoBHudR7UUX4IIwDqOPEJdkfvIpz/KiQbbbyvWS0PtvDz3iQ1HH/rcw==",
      "requires": {
        "@types/microsoft-ajax": "0.0.33"
      }
    },
    "tslib": {
      "version": "1.9.3",
      "resolved": "https://registry.npmjs.org/tslib/-/tslib-1.9.3.tgz",
      "integrity": "sha512-4krF8scpejhaOgqzBEcGM7yDIEfi0/8+8zDRZhNZZ2kjmHJ4hv3zCbQWxoJGz1iw5U0Jl0nma13xzHXcncMavQ=="
    }
  }
}
